// !$*UTF8*$!
{
	archiveVersion = 1;
	classes = {
	};
	objectVersion = 56;
	objects = {

/* Begin PBXBuildFile section */
		1869020D2C3ABCE000333174 /* Appadore_machine_testApp.swift in Sources */ = {isa = PBXBuildFile; fileRef = 1869020C2C3ABCE000333174 /* Appadore_machine_testApp.swift */; };
		1869020F2C3ABCE000333174 /* ContentView.swift in Sources */ = {isa = PBXBuildFile; fileRef = 1869020E2C3ABCE000333174 /* ContentView.swift */; };
		186902112C3ABCE100333174 /* Assets.xcassets in Resources */ = {isa = PBXBuildFile; fileRef = 186902102C3ABCE100333174 /* Assets.xcassets */; };
		186902142C3ABCE100333174 /* Preview Assets.xcassets in Resources */ = {isa = PBXBuildFile; fileRef = 186902132C3ABCE100333174 /* Preview Assets.xcassets */; };
		186902162C3ABCE100333174 /* Persistence.swift in Sources */ = {isa = PBXBuildFile; fileRef = 186902152C3ABCE100333174 /* Persistence.swift */; };
		186902192C3ABCE100333174 /* Appadore_machine_test.xcdatamodeld in Sources */ = {isa = PBXBuildFile; fileRef = 186902172C3ABCE100333174 /* Appadore_machine_test.xcdatamodeld */; };
		186902232C3ABCE100333174 /* Appadore_machine_testTests.swift in Sources */ = {isa = PBXBuildFile; fileRef = 186902222C3ABCE100333174 /* Appadore_machine_testTests.swift */; };
		1869022D2C3ABCE100333174 /* Appadore_machine_testUITests.swift in Sources */ = {isa = PBXBuildFile; fileRef = 1869022C2C3ABCE100333174 /* Appadore_machine_testUITests.swift */; };
		1869022F2C3ABCE100333174 /* Appadore_machine_testUITestsLaunchTests.swift in Sources */ = {isa = PBXBuildFile; fileRef = 1869022E2C3ABCE100333174 /* Appadore_machine_testUITestsLaunchTests.swift */; };
		186902402C3ABFE400333174 /* Network Manager.swift in Sources */ = {isa = PBXBuildFile; fileRef = 1869023F2C3ABFE400333174 /* Network Manager.swift */; };
		186902442C3AC03100333174 /* Alamofire in Frameworks */ = {isa = PBXBuildFile; productRef = 186902432C3AC03100333174 /* Alamofire */; };
		186902472C3AC04200333174 /* Kingfisher in Frameworks */ = {isa = PBXBuildFile; productRef = 186902462C3AC04200333174 /* Kingfisher */; };
		186902492C3AC09700333174 /* CoreData Manager.swift in Sources */ = {isa = PBXBuildFile; fileRef = 186902482C3AC09700333174 /* CoreData Manager.swift */; };
		1869024B2C3AC0BC00333174 /* EndPoint Manager.swift in Sources */ = {isa = PBXBuildFile; fileRef = 1869024A2C3AC0BC00333174 /* EndPoint Manager.swift */; };
		1869024F2C3AC20700333174 /* Groups View.swift in Sources */ = {isa = PBXBuildFile; fileRef = 1869024E2C3AC20700333174 /* Groups View.swift */; };
		186902512C3AC55B00333174 /* Text Extension.swift in Sources */ = {isa = PBXBuildFile; fileRef = 186902502C3AC55B00333174 /* Text Extension.swift */; };
		186902532C3AE3AC00333174 /* Groups Controller.swift in Sources */ = {isa = PBXBuildFile; fileRef = 186902522C3AE3AC00333174 /* Groups Controller.swift */; };
		186902572C3AE53000333174 /* Groups model.swift in Sources */ = {isa = PBXBuildFile; fileRef = 186902562C3AE53000333174 /* Groups model.swift */; };
		1869025A2C3B9C7400333174 /* About Group View.swift in Sources */ = {isa = PBXBuildFile; fileRef = 186902592C3B9C7400333174 /* About Group View.swift */; };
		1869025C2C3BB88700333174 /* Edit Group View.swift in Sources */ = {isa = PBXBuildFile; fileRef = 1869025B2C3BB88700333174 /* Edit Group View.swift */; };
		1869025E2C3BDFA500333174 /* About Controller.swift in Sources */ = {isa = PBXBuildFile; fileRef = 1869025D2C3BDFA500333174 /* About Controller.swift */; };
		186902602C3BEE2E00333174 /* Card View.swift in Sources */ = {isa = PBXBuildFile; fileRef = 1869025F2C3BEE2E00333174 /* Card View.swift */; };
/* End PBXBuildFile section */

/* Begin PBXContainerItemProxy section */
		1869021F2C3ABCE100333174 /* PBXContainerItemProxy */ = {
			isa = PBXContainerItemProxy;
			containerPortal = 186902012C3ABCE000333174 /* Project object */;
			proxyType = 1;
			remoteGlobalIDString = 186902082C3ABCE000333174;
			remoteInfo = "Appadore machine test";
		};
		186902292C3ABCE100333174 /* PBXContainerItemProxy */ = {
			isa = PBXContainerItemProxy;
			containerPortal = 186902012C3ABCE000333174 /* Project object */;
			proxyType = 1;
			remoteGlobalIDString = 186902082C3ABCE000333174;
			remoteInfo = "Appadore machine test";
		};
/* End PBXContainerItemProxy section */

/* Begin PBXFileReference section */
		186902092C3ABCE000333174 /* Appadore machine test.app */ = {isa = PBXFileReference; explicitFileType = wrapper.application; includeInIndex = 0; path = "Appadore machine test.app"; sourceTree = BUILT_PRODUCTS_DIR; };
		1869020C2C3ABCE000333174 /* Appadore_machine_testApp.swift */ = {isa = PBXFileReference; lastKnownFileType = sourcecode.swift; path = Appadore_machine_testApp.swift; sourceTree = "<group>"; };
		1869020E2C3ABCE000333174 /* ContentView.swift */ = {isa = PBXFileReference; lastKnownFileType = sourcecode.swift; path = ContentView.swift; sourceTree = "<group>"; };
		186902102C3ABCE100333174 /* Assets.xcassets */ = {isa = PBXFileReference; lastKnownFileType = folder.assetcatalog; path = Assets.xcassets; sourceTree = "<group>"; };
		186902132C3ABCE100333174 /* Preview Assets.xcassets */ = {isa = PBXFileReference; lastKnownFileType = folder.assetcatalog; path = "Preview Assets.xcassets"; sourceTree = "<group>"; };
		186902152C3ABCE100333174 /* Persistence.swift */ = {isa = PBXFileReference; lastKnownFileType = sourcecode.swift; path = Persistence.swift; sourceTree = "<group>"; };
		186902182C3ABCE100333174 /* Appadore_machine_test.xcdatamodel */ = {isa = PBXFileReference; lastKnownFileType = wrapper.xcdatamodel; path = Appadore_machine_test.xcdatamodel; sourceTree = "<group>"; };
		1869021E2C3ABCE100333174 /* Appadore machine testTests.xctest */ = {isa = PBXFileReference; explicitFileType = wrapper.cfbundle; includeInIndex = 0; path = "Appadore machine testTests.xctest"; sourceTree = BUILT_PRODUCTS_DIR; };
		186902222C3ABCE100333174 /* Appadore_machine_testTests.swift */ = {isa = PBXFileReference; lastKnownFileType = sourcecode.swift; path = Appadore_machine_testTests.swift; sourceTree = "<group>"; };
		186902282C3ABCE100333174 /* Appadore machine testUITests.xctest */ = {isa = PBXFileReference; explicitFileType = wrapper.cfbundle; includeInIndex = 0; path = "Appadore machine testUITests.xctest"; sourceTree = BUILT_PRODUCTS_DIR; };
		1869022C2C3ABCE100333174 /* Appadore_machine_testUITests.swift */ = {isa = PBXFileReference; lastKnownFileType = sourcecode.swift; path = Appadore_machine_testUITests.swift; sourceTree = "<group>"; };
		1869022E2C3ABCE100333174 /* Appadore_machine_testUITestsLaunchTests.swift */ = {isa = PBXFileReference; lastKnownFileType = sourcecode.swift; path = Appadore_machine_testUITestsLaunchTests.swift; sourceTree = "<group>"; };
		1869023F2C3ABFE400333174 /* Network Manager.swift */ = {isa = PBXFileReference; lastKnownFileType = sourcecode.swift; path = "Network Manager.swift"; sourceTree = "<group>"; };
		186902482C3AC09700333174 /* CoreData Manager.swift */ = {isa = PBXFileReference; lastKnownFileType = sourcecode.swift; path = "CoreData Manager.swift"; sourceTree = "<group>"; };
		1869024A2C3AC0BC00333174 /* EndPoint Manager.swift */ = {isa = PBXFileReference; lastKnownFileType = sourcecode.swift; path = "EndPoint Manager.swift"; sourceTree = "<group>"; };
		1869024E2C3AC20700333174 /* Groups View.swift */ = {isa = PBXFileReference; lastKnownFileType = sourcecode.swift; path = "Groups View.swift"; sourceTree = "<group>"; };
		186902502C3AC55B00333174 /* Text Extension.swift */ = {isa = PBXFileReference; lastKnownFileType = sourcecode.swift; path = "Text Extension.swift"; sourceTree = "<group>"; };
		186902522C3AE3AC00333174 /* Groups Controller.swift */ = {isa = PBXFileReference; lastKnownFileType = sourcecode.swift; path = "Groups Controller.swift"; sourceTree = "<group>"; };
		186902562C3AE53000333174 /* Groups model.swift */ = {isa = PBXFileReference; lastKnownFileType = sourcecode.swift; path = "Groups model.swift"; sourceTree = "<group>"; };
		186902582C3AEDD200333174 /* Appadore-machine-test-Info.plist */ = {isa = PBXFileReference; lastKnownFileType = text.plist; path = "Appadore-machine-test-Info.plist"; sourceTree = SOURCE_ROOT; };
		186902592C3B9C7400333174 /* About Group View.swift */ = {isa = PBXFileReference; lastKnownFileType = sourcecode.swift; path = "About Group View.swift"; sourceTree = "<group>"; };
		1869025B2C3BB88700333174 /* Edit Group View.swift */ = {isa = PBXFileReference; lastKnownFileType = sourcecode.swift; path = "Edit Group View.swift"; sourceTree = "<group>"; };
		1869025D2C3BDFA500333174 /* About Controller.swift */ = {isa = PBXFileReference; lastKnownFileType = sourcecode.swift; path = "About Controller.swift"; sourceTree = "<group>"; };
		1869025F2C3BEE2E00333174 /* Card View.swift */ = {isa = PBXFileReference; lastKnownFileType = sourcecode.swift; path = "Card View.swift"; sourceTree = "<group>"; };
/* End PBXFileReference section */

/* Begin PBXFrameworksBuildPhase section */
		186902062C3ABCE000333174 /* Frameworks */ = {
			isa = PBXFrameworksBuildPhase;
			buildActionMask = 2147483647;
			files = (
				186902472C3AC04200333174 /* Kingfisher in Frameworks */,
				186902442C3AC03100333174 /* Alamofire in Frameworks */,
			);
			runOnlyForDeploymentPostprocessing = 0;
		};
		1869021B2C3ABCE100333174 /* Frameworks */ = {
			isa = PBXFrameworksBuildPhase;
			buildActionMask = 2147483647;
			files = (
			);
			runOnlyForDeploymentPostprocessing = 0;
		};
		186902252C3ABCE100333174 /* Frameworks */ = {
			isa = PBXFrameworksBuildPhase;
			buildActionMask = 2147483647;
			files = (
			);
			runOnlyForDeploymentPostprocessing = 0;
		};
/* End PBXFrameworksBuildPhase section */

/* Begin PBXGroup section */
		186902002C3ABCE000333174 = {
			isa = PBXGroup;
			children = (
				1869023E2C3ABF8600333174 /* View */,
				1869023D2C3ABF7800333174 /* ViewModel */,
				1869023C2C3ABF6B00333174 /* Model */,
				1869023B2C3ABF5600333174 /* HelperFile */,
				1869020B2C3ABCE000333174 /* Appadore machine test */,
				186902212C3ABCE100333174 /* Appadore machine testTests */,
				1869022B2C3ABCE100333174 /* Appadore machine testUITests */,
				1869020A2C3ABCE000333174 /* Products */,
				186902422C3AC03100333174 /* Frameworks */,
			);
			sourceTree = "<group>";
		};
		1869020A2C3ABCE000333174 /* Products */ = {
			isa = PBXGroup;
			children = (
				186902092C3ABCE000333174 /* Appadore machine test.app */,
				1869021E2C3ABCE100333174 /* Appadore machine testTests.xctest */,
				186902282C3ABCE100333174 /* Appadore machine testUITests.xctest */,
			);
			name = Products;
			sourceTree = "<group>";
		};
		1869020B2C3ABCE000333174 /* Appadore machine test */ = {
			isa = PBXGroup;
			children = (
				186902582C3AEDD200333174 /* Appadore-machine-test-Info.plist */,
				1869020C2C3ABCE000333174 /* Appadore_machine_testApp.swift */,
				1869020E2C3ABCE000333174 /* ContentView.swift */,
				186902102C3ABCE100333174 /* Assets.xcassets */,
				186902152C3ABCE100333174 /* Persistence.swift */,
				186902172C3ABCE100333174 /* Appadore_machine_test.xcdatamodeld */,
				186902122C3ABCE100333174 /* Preview Content */,
			);
			path = "Appadore machine test";
			sourceTree = "<group>";
		};
		186902122C3ABCE100333174 /* Preview Content */ = {
			isa = PBXGroup;
			children = (
				186902132C3ABCE100333174 /* Preview Assets.xcassets */,
			);
			path = "Preview Content";
			sourceTree = "<group>";
		};
		186902212C3ABCE100333174 /* Appadore machine testTests */ = {
			isa = PBXGroup;
			children = (
				186902222C3ABCE100333174 /* Appadore_machine_testTests.swift */,
			);
			path = "Appadore machine testTests";
			sourceTree = "<group>";
		};
		1869022B2C3ABCE100333174 /* Appadore machine testUITests */ = {
			isa = PBXGroup;
			children = (
				1869022C2C3ABCE100333174 /* Appadore_machine_testUITests.swift */,
				1869022E2C3ABCE100333174 /* Appadore_machine_testUITestsLaunchTests.swift */,
			);
			path = "Appadore machine testUITests";
			sourceTree = "<group>";
		};
		1869023B2C3ABF5600333174 /* HelperFile */ = {
			isa = PBXGroup;
			children = (
				1869023F2C3ABFE400333174 /* Network Manager.swift */,
				186902482C3AC09700333174 /* CoreData Manager.swift */,
				1869024A2C3AC0BC00333174 /* EndPoint Manager.swift */,
				186902502C3AC55B00333174 /* Text Extension.swift */,
			);
			path = HelperFile;
			sourceTree = "<group>";
		};
		1869023C2C3ABF6B00333174 /* Model */ = {
			isa = PBXGroup;
			children = (
				186902562C3AE53000333174 /* Groups model.swift */,
			);
			path = Model;
			sourceTree = "<group>";
		};
		1869023D2C3ABF7800333174 /* ViewModel */ = {
			isa = PBXGroup;
			children = (
				186902522C3AE3AC00333174 /* Groups Controller.swift */,
				1869025D2C3BDFA500333174 /* About Controller.swift */,
			);
			path = ViewModel;
			sourceTree = "<group>";
		};
		1869023E2C3ABF8600333174 /* View */ = {
			isa = PBXGroup;
			children = (
				1869024E2C3AC20700333174 /* Groups View.swift */,
				186902592C3B9C7400333174 /* About Group View.swift */,
				1869025B2C3BB88700333174 /* Edit Group View.swift */,
				1869025F2C3BEE2E00333174 /* Card View.swift */,
			);
			path = View;
			sourceTree = "<group>";
		};
		186902422C3AC03100333174 /* Frameworks */ = {
			isa = PBXGroup;
			children = (
			);
			name = Frameworks;
			sourceTree = "<group>";
		};
/* End PBXGroup section */

/* Begin PBXNativeTarget section */
		186902082C3ABCE000333174 /* Appadore machine test */ = {
			isa = PBXNativeTarget;
			buildConfigurationList = 186902322C3ABCE100333174 /* Build configuration list for PBXNativeTarget "Appadore machine test" */;
			buildPhases = (
				186902052C3ABCE000333174 /* Sources */,
				186902062C3ABCE000333174 /* Frameworks */,
				186902072C3ABCE000333174 /* Resources */,
			);
			buildRules = (
			);
			dependencies = (
			);
			name = "Appadore machine test";
			packageProductDependencies = (
				186902432C3AC03100333174 /* Alamofire */,
				186902462C3AC04200333174 /* Kingfisher */,
			);
			productName = "Appadore machine test";
			productReference = 186902092C3ABCE000333174 /* Appadore machine test.app */;
			productType = "com.apple.product-type.application";
		};
		1869021D2C3ABCE100333174 /* Appadore machine testTests */ = {
			isa = PBXNativeTarget;
			buildConfigurationList = 186902352C3ABCE100333174 /* Build configuration list for PBXNativeTarget "Appadore machine testTests" */;
			buildPhases = (
				1869021A2C3ABCE100333174 /* Sources */,
				1869021B2C3ABCE100333174 /* Frameworks */,
				1869021C2C3ABCE100333174 /* Resources */,
			);
			buildRules = (
			);
			dependencies = (
				186902202C3ABCE100333174 /* PBXTargetDependency */,
			);
			name = "Appadore machine testTests";
			productName = "Appadore machine testTests";
			productReference = 1869021E2C3ABCE100333174 /* Appadore machine testTests.xctest */;
			productType = "com.apple.product-type.bundle.unit-test";
		};
		186902272C3ABCE100333174 /* Appadore machine testUITests */ = {
			isa = PBXNativeTarget;
			buildConfigurationList = 186902382C3ABCE100333174 /* Build configuration list for PBXNativeTarget "Appadore machine testUITests" */;
			buildPhases = (
				186902242C3ABCE100333174 /* Sources */,
				186902252C3ABCE100333174 /* Frameworks */,
				186902262C3ABCE100333174 /* Resources */,
			);
			buildRules = (
			);
			dependencies = (
				1869022A2C3ABCE100333174 /* PBXTargetDependency */,
			);
			name = "Appadore machine testUITests";
			productName = "Appadore machine testUITests";
			productReference = 186902282C3ABCE100333174 /* Appadore machine testUITests.xctest */;
			productType = "com.apple.product-type.bundle.ui-testing";
		};
/* End PBXNativeTarget section */

/* Begin PBXProject section */
		186902012C3ABCE000333174 /* Project object */ = {
			isa = PBXProject;
			attributes = {
				BuildIndependentTargetsInParallel = 1;
				LastSwiftUpdateCheck = 1520;
				LastUpgradeCheck = 1520;
				ORGANIZATIONNAME = Dhilipan;
				TargetAttributes = {
					186902082C3ABCE000333174 = {
						CreatedOnToolsVersion = 15.2;
					};
					1869021D2C3ABCE100333174 = {
						CreatedOnToolsVersion = 15.2;
						TestTargetID = 186902082C3ABCE000333174;
					};
					186902272C3ABCE100333174 = {
						CreatedOnToolsVersion = 15.2;
						TestTargetID = 186902082C3ABCE000333174;
					};
				};
			};
			buildConfigurationList = 186902042C3ABCE000333174 /* Build configuration list for PBXProject "Appadore machine test" */;
			compatibilityVersion = "Xcode 14.0";
			developmentRegion = en;
			hasScannedForEncodings = 0;
			knownRegions = (
				en,
				Base,
			);
			mainGroup = 186902002C3ABCE000333174;
			packageReferences = (
				186902412C3AC02200333174 /* XCRemoteSwiftPackageReference "Alamofire" */,
				186902452C3AC04200333174 /* XCRemoteSwiftPackageReference "Kingfisher" */,
			);
			productRefGroup = 1869020A2C3ABCE000333174 /* Products */;
			projectDirPath = "";
			projectRoot = "";
			targets = (
				186902082C3ABCE000333174 /* Appadore machine test */,
				1869021D2C3ABCE100333174 /* Appadore machine testTests */,
				186902272C3ABCE100333174 /* Appadore machine testUITests */,
			);
		};
/* End PBXProject section */

/* Begin PBXResourcesBuildPhase section */
		186902072C3ABCE000333174 /* Resources */ = {
			isa = PBXResourcesBuildPhase;
			buildActionMask = 2147483647;
			files = (
				186902142C3ABCE100333174 /* Preview Assets.xcassets in Resources */,
				186902112C3ABCE100333174 /* Assets.xcassets in Resources */,
			);
			runOnlyForDeploymentPostprocessing = 0;
		};
		1869021C2C3ABCE100333174 /* Resources */ = {
			isa = PBXResourcesBuildPhase;
			buildActionMask = 2147483647;
			files = (
			);
			runOnlyForDeploymentPostprocessing = 0;
		};
		186902262C3ABCE100333174 /* Resources */ = {
			isa = PBXResourcesBuildPhase;
			buildActionMask = 2147483647;
			files = (
			);
			runOnlyForDeploymentPostprocessing = 0;
		};
/* End PBXResourcesBuildPhase section */

/* Begin PBXSourcesBuildPhase section */
		186902052C3ABCE000333174 /* Sources */ = {
			isa = PBXSourcesBuildPhase;
			buildActionMask = 2147483647;
			files = (
				186902162C3ABCE100333174 /* Persistence.swift in Sources */,
				1869024B2C3AC0BC00333174 /* EndPoint Manager.swift in Sources */,
				186902512C3AC55B00333174 /* Text Extension.swift in Sources */,
				186902572C3AE53000333174 /* Groups model.swift in Sources */,
				1869025A2C3B9C7400333174 /* About Group View.swift in Sources */,
				186902402C3ABFE400333174 /* Network Manager.swift in Sources */,
				186902192C3ABCE100333174 /* Appadore_machine_test.xcdatamodeld in Sources */,
				186902492C3AC09700333174 /* CoreData Manager.swift in Sources */,
				1869025E2C3BDFA500333174 /* About Controller.swift in Sources */,
				186902602C3BEE2E00333174 /* Card View.swift in Sources */,
				1869025C2C3BB88700333174 /* Edit Group View.swift in Sources */,
				1869020F2C3ABCE000333174 /* ContentView.swift in Sources */,
				1869020D2C3ABCE000333174 /* Appadore_machine_testApp.swift in Sources */,
				186902532C3AE3AC00333174 /* Groups Controller.swift in Sources */,
				1869024F2C3AC20700333174 /* Groups View.swift in Sources */,
			);
			runOnlyForDeploymentPostprocessing = 0;
		};
		1869021A2C3ABCE100333174 /* Sources */ = {
			isa = PBXSourcesBuildPhase;
			buildActionMask = 2147483647;
			files = (
				186902232C3ABCE100333174 /* Appadore_machine_testTests.swift in Sources */,
			);
			runOnlyForDeploymentPostprocessing = 0;
		};
		186902242C3ABCE100333174 /* Sources */ = {
			isa = PBXSourcesBuildPhase;
			buildActionMask = 2147483647;
			files = (
				1869022F2C3ABCE100333174 /* Appadore_machine_testUITestsLaunchTests.swift in Sources */,
				1869022D2C3ABCE100333174 /* Appadore_machine_testUITests.swift in Sources */,
			);
			runOnlyForDeploymentPostprocessing = 0;
		};
/* End PBXSourcesBuildPhase section */

/* Begin PBXTargetDependency section */
		186902202C3ABCE100333174 /* PBXTargetDependency */ = {
			isa = PBXTargetDependency;
			target = 186902082C3ABCE000333174 /* Appadore machine test */;
			targetProxy = 1869021F2C3ABCE100333174 /* PBXContainerItemProxy */;
		};
		1869022A2C3ABCE100333174 /* PBXTargetDependency */ = {
			isa = PBXTargetDependency;
			target = 186902082C3ABCE000333174 /* Appadore machine test */;
			targetProxy = 186902292C3ABCE100333174 /* PBXContainerItemProxy */;
		};
/* End PBXTargetDependency section */

/* Begin XCBuildConfiguration section */
		186902302C3ABCE100333174 /* Debug */ = {
			isa = XCBuildConfiguration;
			buildSettings = {
				ALWAYS_SEARCH_USER_PATHS = NO;
				ASSETCATALOG_COMPILER_GENERATE_SWIFT_ASSET_SYMBOL_EXTENSIONS = YES;
				CLANG_ANALYZER_NONNULL = YES;
				CLANG_ANALYZER_NUMBER_OBJECT_CONVERSION = YES_AGGRESSIVE;
				CLANG_CXX_LANGUAGE_STANDARD = "gnu++20";
				CLANG_ENABLE_MODULES = YES;
				CLANG_ENABLE_OBJC_ARC = YES;
				CLANG_ENABLE_OBJC_WEAK = YES;
				CLANG_WARN_BLOCK_CAPTURE_AUTORELEASING = YES;
				CLANG_WARN_BOOL_CONVERSION = YES;
				CLANG_WARN_COMMA = YES;
				CLANG_WARN_CONSTANT_CONVERSION = YES;
				CLANG_WARN_DEPRECATED_OBJC_IMPLEMENTATIONS = YES;
				CLANG_WARN_DIRECT_OBJC_ISA_USAGE = YES_ERROR;
				CLANG_WARN_DOCUMENTATION_COMMENTS = YES;
				CLANG_WARN_EMPTY_BODY = YES;
				CLANG_WARN_ENUM_CONVERSION = YES;
				CLANG_WARN_INFINITE_RECURSION = YES;
				CLANG_WARN_INT_CONVERSION = YES;
				CLANG_WARN_NON_LITERAL_NULL_CONVERSION = YES;
				CLANG_WARN_OBJC_IMPLICIT_RETAIN_SELF = YES;
				CLANG_WARN_OBJC_LITERAL_CONVERSION = YES;
				CLANG_WARN_OBJC_ROOT_CLASS = YES_ERROR;
				CLANG_WARN_QUOTED_INCLUDE_IN_FRAMEWORK_HEADER = YES;
				CLANG_WARN_RANGE_LOOP_ANALYSIS = YES;
				CLANG_WARN_STRICT_PROTOTYPES = YES;
				CLANG_WARN_SUSPICIOUS_MOVE = YES;
				CLANG_WARN_UNGUARDED_AVAILABILITY = YES_AGGRESSIVE;
				CLANG_WARN_UNREACHABLE_CODE = YES;
				CLANG_WARN__DUPLICATE_METHOD_MATCH = YES;
				COPY_PHASE_STRIP = NO;
				DEBUG_INFORMATION_FORMAT = dwarf;
				ENABLE_STRICT_OBJC_MSGSEND = YES;
				ENABLE_TESTABILITY = YES;
				ENABLE_USER_SCRIPT_SANDBOXING = YES;
				GCC_C_LANGUAGE_STANDARD = gnu17;
				GCC_DYNAMIC_NO_PIC = NO;
				GCC_NO_COMMON_BLOCKS = YES;
				GCC_OPTIMIZATION_LEVEL = 0;
				GCC_PREPROCESSOR_DEFINITIONS = (
					"DEBUG=1",
					"$(inherited)",
				);
				GCC_WARN_64_TO_32_BIT_CONVERSION = YES;
				GCC_WARN_ABOUT_RETURN_TYPE = YES_ERROR;
				GCC_WARN_UNDECLARED_SELECTOR = YES;
				GCC_WARN_UNINITIALIZED_AUTOS = YES_AGGRESSIVE;
				GCC_WARN_UNUSED_FUNCTION = YES;
				GCC_WARN_UNUSED_VARIABLE = YES;
				IPHONEOS_DEPLOYMENT_TARGET = 17.2;
				LOCALIZATION_PREFERS_STRING_CATALOGS = YES;
				MTL_ENABLE_DEBUG_INFO = INCLUDE_SOURCE;
				MTL_FAST_MATH = YES;
				ONLY_ACTIVE_ARCH = YES;
				SDKROOT = iphoneos;
				SWIFT_ACTIVE_COMPILATION_CONDITIONS = "DEBUG $(inherited)";
				SWIFT_OPTIMIZATION_LEVEL = "-Onone";
			};
			name = Debug;
		};
		186902312C3ABCE100333174 /* Release */ = {
			isa = XCBuildConfiguration;
			buildSettings = {
				ALWAYS_SEARCH_USER_PATHS = NO;
				ASSETCATALOG_COMPILER_GENERATE_SWIFT_ASSET_SYMBOL_EXTENSIONS = YES;
				CLANG_ANALYZER_NONNULL = YES;
				CLANG_ANALYZER_NUMBER_OBJECT_CONVERSION = YES_AGGRESSIVE;
				CLANG_CXX_LANGUAGE_STANDARD = "gnu++20";
				CLANG_ENABLE_MODULES = YES;
				CLANG_ENABLE_OBJC_ARC = YES;
				CLANG_ENABLE_OBJC_WEAK = YES;
				CLANG_WARN_BLOCK_CAPTURE_AUTORELEASING = YES;
				CLANG_WARN_BOOL_CONVERSION = YES;
				CLANG_WARN_COMMA = YES;
				CLANG_WARN_CONSTANT_CONVERSION = YES;
				CLANG_WARN_DEPRECATED_OBJC_IMPLEMENTATIONS = YES;
				CLANG_WARN_DIRECT_OBJC_ISA_USAGE = YES_ERROR;
				CLANG_WARN_DOCUMENTATION_COMMENTS = YES;
				CLANG_WARN_EMPTY_BODY = YES;
				CLANG_WARN_ENUM_CONVERSION = YES;
				CLANG_WARN_INFINITE_RECURSION = YES;
				CLANG_WARN_INT_CONVERSION = YES;
				CLANG_WARN_NON_LITERAL_NULL_CONVERSION = YES;
				CLANG_WARN_OBJC_IMPLICIT_RETAIN_SELF = YES;
				CLANG_WARN_OBJC_LITERAL_CONVERSION = YES;
				CLANG_WARN_OBJC_ROOT_CLASS = YES_ERROR;
				CLANG_WARN_QUOTED_INCLUDE_IN_FRAMEWORK_HEADER = YES;
				CLANG_WARN_RANGE_LOOP_ANALYSIS = YES;
				CLANG_WARN_STRICT_PROTOTYPES = YES;
				CLANG_WARN_SUSPICIOUS_MOVE = YES;
				CLANG_WARN_UNGUARDED_AVAILABILITY = YES_AGGRESSIVE;
				CLANG_WARN_UNREACHABLE_CODE = YES;
				CLANG_WARN__DUPLICATE_METHOD_MATCH = YES;
				COPY_PHASE_STRIP = NO;
				DEBUG_INFORMATION_FORMAT = "dwarf-with-dsym";
				ENABLE_NS_ASSERTIONS = NO;
				ENABLE_STRICT_OBJC_MSGSEND = YES;
				ENABLE_USER_SCRIPT_SANDBOXING = YES;
				GCC_C_LANGUAGE_STANDARD = gnu17;
				GCC_NO_COMMON_BLOCKS = YES;
				GCC_WARN_64_TO_32_BIT_CONVERSION = YES;
				GCC_WARN_ABOUT_RETURN_TYPE = YES_ERROR;
				GCC_WARN_UNDECLARED_SELECTOR = YES;
				GCC_WARN_UNINITIALIZED_AUTOS = YES_AGGRESSIVE;
				GCC_WARN_UNUSED_FUNCTION = YES;
				GCC_WARN_UNUSED_VARIABLE = YES;
				IPHONEOS_DEPLOYMENT_TARGET = 17.2;
				LOCALIZATION_PREFERS_STRING_CATALOGS = YES;
				MTL_ENABLE_DEBUG_INFO = NO;
				MTL_FAST_MATH = YES;
				SDKROOT = iphoneos;
				SWIFT_COMPILATION_MODE = wholemodule;
				VALIDATE_PRODUCT = YES;
			};
			name = Release;
		};
		186902332C3ABCE100333174 /* Debug */ = {
			isa = XCBuildConfiguration;
			buildSettings = {
				ASSETCATALOG_COMPILER_APPICON_NAME = AppIcon;
				ASSETCATALOG_COMPILER_GLOBAL_ACCENT_COLOR_NAME = AccentColor;
				CODE_SIGN_STYLE = Automatic;
				CURRENT_PROJECT_VERSION = 1;
				DEVELOPMENT_ASSET_PATHS = "\"Appadore machine test/Preview Content\"";
				ENABLE_PREVIEWS = YES;
				GENERATE_INFOPLIST_FILE = YES;
				INFOPLIST_FILE = "Appadore-machine-test-Info.plist";
				INFOPLIST_KEY_UIApplicationSceneManifest_Generation = YES;
				INFOPLIST_KEY_UIApplicationSupportsIndirectInputEvents = YES;
				INFOPLIST_KEY_UILaunchScreen_Generation = YES;
				INFOPLIST_KEY_UISupportedInterfaceOrientations_iPad = "UIInterfaceOrientationPortrait UIInterfaceOrientationPortraitUpsideDown UIInterfaceOrientationLandscapeLeft UIInterfaceOrientationLandscapeRight";
				INFOPLIST_KEY_UISupportedInterfaceOrientations_iPhone = "UIInterfaceOrientationPortrait UIInterfaceOrientationLandscapeLeft UIInterfaceOrientationLandscapeRight";
				LD_RUNPATH_SEARCH_PATHS = (
					"$(inherited)",
					"@executable_path/Frameworks",
				);
				MARKETING_VERSION = 1.0;
				PRODUCT_BUNDLE_IDENTIFIER = "com.MarkdownUI.Appadore-machine-test";
				PRODUCT_NAME = "$(TARGET_NAME)";
				SWIFT_EMIT_LOC_STRINGS = YES;
				SWIFT_VERSION = 5.0;
				TARGETED_DEVICE_FAMILY = "1,2";
			};
			name = Debug;
		};
		186902342C3ABCE100333174 /* Release */ = {
			isa = XCBuildConfiguration;
			buildSettings = {
				ASSETCATALOG_COMPILER_APPICON_NAME = AppIcon;
				ASSETCATALOG_COMPILER_GLOBAL_ACCENT_COLOR_NAME = AccentColor;
				CODE_SIGN_STYLE = Automatic;
				CURRENT_PROJECT_VERSION = 1;
				DEVELOPMENT_ASSET_PATHS = "\"Appadore machine test/Preview Content\"";
				ENABLE_PREVIEWS = YES;
				GENERATE_INFOPLIST_FILE = YES;
				INFOPLIST_FILE = "Appadore-machine-test-Info.plist";
				INFOPLIST_KEY_UIApplicationSceneManifest_Generation = YES;
				INFOPLIST_KEY_UIApplicationSupportsIndirectInputEvents = YES;
				INFOPLIST_KEY_UILaunchScreen_Generation = YES;
				INFOPLIST_KEY_UISupportedInterfaceOrientations_iPad = "UIInterfaceOrientationPortrait UIInterfaceOrientationPortraitUpsideDown UIInterfaceOrientationLandscapeLeft UIInterfaceOrientationLandscapeRight";
				INFOPLIST_KEY_UISupportedInterfaceOrientations_iPhone = "UIInterfaceOrientationPortrait UIInterfaceOrientationLandscapeLeft UIInterfaceOrientationLandscapeRight";
				LD_RUNPATH_SEARCH_PATHS = (
					"$(inherited)",
					"@executable_path/Frameworks",
				);
				MARKETING_VERSION = 1.0;
				PRODUCT_BUNDLE_IDENTIFIER = "com.MarkdownUI.Appadore-machine-test";
				PRODUCT_NAME = "$(TARGET_NAME)";
				SWIFT_EMIT_LOC_STRINGS = YES;
				SWIFT_VERSION = 5.0;
				TARGETED_DEVICE_FAMILY = "1,2";
			};
			name = Release;
		};
		186902362C3ABCE100333174 /* Debug */ = {
			isa = XCBuildConfiguration;
			buildSettings = {
				ALWAYS_EMBED_SWIFT_STANDARD_LIBRARIES = YES;
				BUNDLE_LOADER = "$(TEST_HOST)";
				CODE_SIGN_STYLE = Automatic;
				CURRENT_PROJECT_VERSION = 1;
				GENERATE_INFOPLIST_FILE = YES;
				IPHONEOS_DEPLOYMENT_TARGET = 17.2;
				MARKETING_VERSION = 1.0;
				PRODUCT_BUNDLE_IDENTIFIER = "com.MarkdownUI.Appadore-machine-testTests";
				PRODUCT_NAME = "$(TARGET_NAME)";
				SWIFT_EMIT_LOC_STRINGS = NO;
				SWIFT_VERSION = 5.0;
				TARGETED_DEVICE_FAMILY = "1,2";
				TEST_HOST = "$(BUILT_PRODUCTS_DIR)/Appadore machine test.app/$(BUNDLE_EXECUTABLE_FOLDER_PATH)/Appadore machine test";
			};
			name = Debug;
		};
		186902372C3ABCE100333174 /* Release */ = {
			isa = XCBuildConfiguration;
			buildSettings = {
				ALWAYS_EMBED_SWIFT_STANDARD_LIBRARIES = YES;
				BUNDLE_LOADER = "$(TEST_HOST)";
				CODE_SIGN_STYLE = Automatic;
				CURRENT_PROJECT_VERSION = 1;
				GENERATE_INFOPLIST_FILE = YES;
				IPHONEOS_DEPLOYMENT_TARGET = 17.2;
				MARKETING_VERSION = 1.0;
				PRODUCT_BUNDLE_IDENTIFIER = "com.MarkdownUI.Appadore-machine-testTests";
				PRODUCT_NAME = "$(TARGET_NAME)";
				SWIFT_EMIT_LOC_STRINGS = NO;
				SWIFT_VERSION = 5.0;
				TARGETED_DEVICE_FAMILY = "1,2";
				TEST_HOST = "$(BUILT_PRODUCTS_DIR)/Appadore machine test.app/$(BUNDLE_EXECUTABLE_FOLDER_PATH)/Appadore machine test";
			};
			name = Release;
		};
		186902392C3ABCE100333174 /* Debug */ = {
			isa = XCBuildConfiguration;
			buildSettings = {
				ALWAYS_EMBED_SWIFT_STANDARD_LIBRARIES = YES;
				CODE_SIGN_STYLE = Automatic;
				CURRENT_PROJECT_VERSION = 1;
				GENERATE_INFOPLIST_FILE = YES;
				MARKETING_VERSION = 1.0;
				PRODUCT_BUNDLE_IDENTIFIER = "com.MarkdownUI.Appadore-machine-testUITests";
				PRODUCT_NAME = "$(TARGET_NAME)";
				SWIFT_EMIT_LOC_STRINGS = NO;
				SWIFT_VERSION = 5.0;
				TARGETED_DEVICE_FAMILY = "1,2";
				TEST_TARGET_NAME = "Appadore machine test";
			};
			name = Debug;
		};
		1869023A2C3ABCE100333174 /* Release */ = {
			isa = XCBuildConfiguration;
			buildSettings = {
				ALWAYS_EMBED_SWIFT_STANDARD_LIBRARIES = YES;
				CODE_SIGN_STYLE = Automatic;
				CURRENT_PROJECT_VERSION = 1;
				GENERATE_INFOPLIST_FILE = YES;
				MARKETING_VERSION = 1.0;
				PRODUCT_BUNDLE_IDENTIFIER = "com.MarkdownUI.Appadore-machine-testUITests";
				PRODUCT_NAME = "$(TARGET_NAME)";
				SWIFT_EMIT_LOC_STRINGS = NO;
				SWIFT_VERSION = 5.0;
				TARGETED_DEVICE_FAMILY = "1,2";
				TEST_TARGET_NAME = "Appadore machine test";
			};
			name = Release;
		};
/* End XCBuildConfiguration section */

/* Begin XCConfigurationList section */
		186902042C3ABCE000333174 /* Build configuration list for PBXProject "Appadore machine test" */ = {
			isa = XCConfigurationList;
			buildConfigurations = (
				186902302C3ABCE100333174 /* Debug */,
				186902312C3ABCE100333174 /* Release */,
			);
			defaultConfigurationIsVisible = 0;
			defaultConfigurationName = Release;
		};
		186902322C3ABCE100333174 /* Build configuration list for PBXNativeTarget "Appadore machine test" */ = {
			isa = XCConfigurationList;
			buildConfigurations = (
				186902332C3ABCE100333174 /* Debug */,
				186902342C3ABCE100333174 /* Release */,
			);
			defaultConfigurationIsVisible = 0;
			defaultConfigurationName = Release;
		};
		186902352C3ABCE100333174 /* Build configuration list for PBXNativeTarget "Appadore machine testTests" */ = {
			isa = XCConfigurationList;
			buildConfigurations = (
				186902362C3ABCE100333174 /* Debug */,
				186902372C3ABCE100333174 /* Release */,
			);
			defaultConfigurationIsVisible = 0;
			defaultConfigurationName = Release;
		};
		186902382C3ABCE100333174 /* Build configuration list for PBXNativeTarget "Appadore machine testUITests" */ = {
			isa = XCConfigurationList;
			buildConfigurations = (
				186902392C3ABCE100333174 /* Debug */,
				1869023A2C3ABCE100333174 /* Release */,
			);
			defaultConfigurationIsVisible = 0;
			defaultConfigurationName = Release;
		};
/* End XCConfigurationList section */

/* Begin XCRemoteSwiftPackageReference section */
		186902412C3AC02200333174 /* XCRemoteSwiftPackageReference "Alamofire" */ = {
			isa = XCRemoteSwiftPackageReference;
			repositoryURL = "https://github.com/Alamofire/Alamofire.git";
			requirement = {
				kind = upToNextMajorVersion;
				minimumVersion = 5.9.1;
			};
		};
		186902452C3AC04200333174 /* XCRemoteSwiftPackageReference "Kingfisher" */ = {
			isa = XCRemoteSwiftPackageReference;
			repositoryURL = "https://github.com/onevcat/Kingfisher.git";
			requirement = {
				kind = upToNextMajorVersion;
				minimumVersion = 7.12.0;
			};
		};
/* End XCRemoteSwiftPackageReference section */

/* Begin XCSwiftPackageProductDependency section */
		186902432C3AC03100333174 /* Alamofire */ = {
			isa = XCSwiftPackageProductDependency;
			package = 186902412C3AC02200333174 /* XCRemoteSwiftPackageReference "Alamofire" */;
			productName = Alamofire;
		};
		186902462C3AC04200333174 /* Kingfisher */ = {
			isa = XCSwiftPackageProductDependency;
			package = 186902452C3AC04200333174 /* XCRemoteSwiftPackageReference "Kingfisher" */;
			productName = Kingfisher;
		};
/* End XCSwiftPackageProductDependency section */

/* Begin XCVersionGroup section */
		186902172C3ABCE100333174 /* Appadore_machine_test.xcdatamodeld */ = {
			isa = XCVersionGroup;
			children = (
				186902182C3ABCE100333174 /* Appadore_machine_test.xcdatamodel */,
			);
			currentVersion = 186902182C3ABCE100333174 /* Appadore_machine_test.xcdatamodel */;
			path = Appadore_machine_test.xcdatamodeld;
			sourceTree = "<group>";
			versionGroupType = wrapper.xcdatamodel;
		};
/* End XCVersionGroup section */
	};
	rootObject = 186902012C3ABCE000333174 /* Project object */;
}
